
Microsoft Visual Studio Solution File, Format Version 12.00
# Visual Studio Version 17
VisualStudioVersion = 17.6.33829.357
MinimumVisualStudioVersion = 10.0.40219.1
Project("{9A19103F-16F7-4668-BE54-9A1E7A4F7556}") = "NK_API_Test", "NK_API_Test.csproj", "{2C4B1C07-2A20-44B7-8E99-C16A27150704}"
EndProject
Project("{9A19103F-16F7-4668-BE54-9A1E7A4F7556}") = "NKAPIService", "..\NKAPIService\NKAPIService.csproj", "{866D177F-D326-4AB4-B441-AC566AC696C2}"
EndProject
Project("{9A19103F-16F7-4668-BE54-9A1E7A4F7556}") = "NKMeta", "..\NKMeta\NKMeta.csproj", "{204744D8-308F-4E9F-A2BC-7AD01F7BC1DD}"
EndProject
Project("{9A19103F-16F7-4668-BE54-9A1E7A4F7556}") = "PredefineConstant", "..\PredefineConstant\PredefineConstant.csproj", "{A52FF8A0-E151-415F-8FC7-E6048F89303E}"
EndProject
Project("{9A19103F-16F7-4668-BE54-9A1E7A4F7556}") = "Utils", "..\Utils\Utils.csproj", "{66C352B5-B460-44C6-AA1E-5E1171A3DF47}"
EndProject
Global
	GlobalSection(SolutionConfigurationPlatforms) = preSolution
		Debug|Any CPU = Debug|Any CPU
		Debug|x64 = Debug|x64
		Release|Any CPU = Release|Any CPU
		Release|x64 = Release|x64
		RemoteDebug|Any CPU = RemoteDebug|Any CPU
		RemoteDebug|x64 = RemoteDebug|x64
	EndGlobalSection
	GlobalSection(ProjectConfigurationPlatforms) = postSolution
		{2C4B1C07-2A20-44B7-8E99-C16A27150704}.Debug|Any CPU.ActiveCfg = Debug|Any CPU
		{2C4B1C07-2A20-44B7-8E99-C16A27150704}.Debug|Any CPU.Build.0 = Debug|Any CPU
		{2C4B1C07-2A20-44B7-8E99-C16A27150704}.Debug|x64.ActiveCfg = Debug|Any CPU
		{2C4B1C07-2A20-44B7-8E99-C16A27150704}.Debug|x64.Build.0 = Debug|Any CPU
		{2C4B1C07-2A20-44B7-8E99-C16A27150704}.Release|Any CPU.ActiveCfg = Release|Any CPU
		{2C4B1C07-2A20-44B7-8E99-C16A27150704}.Release|Any CPU.Build.0 = Release|Any CPU
		{2C4B1C07-2A20-44B7-8E99-C16A27150704}.Release|x64.ActiveCfg = Release|Any CPU
		{2C4B1C07-2A20-44B7-8E99-C16A27150704}.Release|x64.Build.0 = Release|Any CPU
		{2C4B1C07-2A20-44B7-8E99-C16A27150704}.RemoteDebug|Any CPU.ActiveCfg = Release|Any CPU
		{2C4B1C07-2A20-44B7-8E99-C16A27150704}.RemoteDebug|Any CPU.Build.0 = Release|Any CPU
		{2C4B1C07-2A20-44B7-8E99-C16A27150704}.RemoteDebug|x64.ActiveCfg = Release|Any CPU
		{2C4B1C07-2A20-44B7-8E99-C16A27150704}.RemoteDebug|x64.Build.0 = Release|Any CPU
		{866D177F-D326-4AB4-B441-AC566AC696C2}.Debug|Any CPU.ActiveCfg = Debug|Any CPU
		{866D177F-D326-4AB4-B441-AC566AC696C2}.Debug|Any CPU.Build.0 = Debug|Any CPU
		{866D177F-D326-4AB4-B441-AC566AC696C2}.Debug|x64.ActiveCfg = Debug|Any CPU
		{866D177F-D326-4AB4-B441-AC566AC696C2}.Debug|x64.Build.0 = Debug|Any CPU
		{866D177F-D326-4AB4-B441-AC566AC696C2}.Release|Any CPU.ActiveCfg = Release|Any CPU
		{866D177F-D326-4AB4-B441-AC566AC696C2}.Release|Any CPU.Build.0 = Release|Any CPU
		{866D177F-D326-4AB4-B441-AC566AC696C2}.Release|x64.ActiveCfg = Release|Any CPU
		{866D177F-D326-4AB4-B441-AC566AC696C2}.Release|x64.Build.0 = Release|Any CPU
		{866D177F-D326-4AB4-B441-AC566AC696C2}.RemoteDebug|Any CPU.ActiveCfg = Release|Any CPU
		{866D177F-D326-4AB4-B441-AC566AC696C2}.RemoteDebug|Any CPU.Build.0 = Release|Any CPU
		{866D177F-D326-4AB4-B441-AC566AC696C2}.RemoteDebug|x64.ActiveCfg = Release|Any CPU
		{866D177F-D326-4AB4-B441-AC566AC696C2}.RemoteDebug|x64.Build.0 = Release|Any CPU
		{204744D8-308F-4E9F-A2BC-7AD01F7BC1DD}.Debug|Any CPU.ActiveCfg = Debug|Any CPU
		{204744D8-308F-4E9F-A2BC-7AD01F7BC1DD}.Debug|Any CPU.Build.0 = Debug|Any CPU
		{204744D8-308F-4E9F-A2BC-7AD01F7BC1DD}.Debug|x64.ActiveCfg = Debug|Any CPU
		{204744D8-308F-4E9F-A2BC-7AD01F7BC1DD}.Debug|x64.Build.0 = Debug|Any CPU
		{204744D8-308F-4E9F-A2BC-7AD01F7BC1DD}.Release|Any CPU.ActiveCfg = Release|Any CPU
		{204744D8-308F-4E9F-A2BC-7AD01F7BC1DD}.Release|Any CPU.Build.0 = Release|Any CPU
		{204744D8-308F-4E9F-A2BC-7AD01F7BC1DD}.Release|x64.ActiveCfg = Release|Any CPU
		{204744D8-308F-4E9F-A2BC-7AD01F7BC1DD}.Release|x64.Build.0 = Release|Any CPU
		{204744D8-308F-4E9F-A2BC-7AD01F7BC1DD}.RemoteDebug|Any CPU.ActiveCfg = Release|Any CPU
		{204744D8-308F-4E9F-A2BC-7AD01F7BC1DD}.RemoteDebug|Any CPU.Build.0 = Release|Any CPU
		{204744D8-308F-4E9F-A2BC-7AD01F7BC1DD}.RemoteDebug|x64.ActiveCfg = Release|Any CPU
		{204744D8-308F-4E9F-A2BC-7AD01F7BC1DD}.RemoteDebug|x64.Build.0 = Release|Any CPU
		{A52FF8A0-E151-415F-8FC7-E6048F89303E}.Debug|Any CPU.ActiveCfg = Debug|Any CPU
		{A52FF8A0-E151-415F-8FC7-E6048F89303E}.Debug|Any CPU.Build.0 = Debug|Any CPU
		{A52FF8A0-E151-415F-8FC7-E6048F89303E}.Debug|x64.ActiveCfg = Debug|Any CPU
		{A52FF8A0-E151-415F-8FC7-E6048F89303E}.Debug|x64.Build.0 = Debug|Any CPU
		{A52FF8A0-E151-415F-8FC7-E6048F89303E}.Release|Any CPU.ActiveCfg = Release|Any CPU
		{A52FF8A0-E151-415F-8FC7-E6048F89303E}.Release|Any CPU.Build.0 = Release|Any CPU
		{A52FF8A0-E151-415F-8FC7-E6048F89303E}.Release|x64.ActiveCfg = Release|Any CPU
		{A52FF8A0-E151-415F-8FC7-E6048F89303E}.Release|x64.Build.0 = Release|Any CPU
		{A52FF8A0-E151-415F-8FC7-E6048F89303E}.RemoteDebug|Any CPU.ActiveCfg = RemoteDebug|Any CPU
		{A52FF8A0-E151-415F-8FC7-E6048F89303E}.RemoteDebug|Any CPU.Build.0 = RemoteDebug|Any CPU
		{A52FF8A0-E151-415F-8FC7-E6048F89303E}.RemoteDebug|x64.ActiveCfg = RemoteDebug|Any CPU
		{A52FF8A0-E151-415F-8FC7-E6048F89303E}.RemoteDebug|x64.Build.0 = RemoteDebug|Any CPU
		{66C352B5-B460-44C6-AA1E-5E1171A3DF47}.Debug|Any CPU.ActiveCfg = Debug|Any CPU
		{66C352B5-B460-44C6-AA1E-5E1171A3DF47}.Debug|Any CPU.Build.0 = Debug|Any CPU
		{66C352B5-B460-44C6-AA1E-5E1171A3DF47}.Debug|x64.ActiveCfg = Debug|x64
		{66C352B5-B460-44C6-AA1E-5E1171A3DF47}.Debug|x64.Build.0 = Debug|x64
		{66C352B5-B460-44C6-AA1E-5E1171A3DF47}.Release|Any CPU.ActiveCfg = Release|Any CPU
		{66C352B5-B460-44C6-AA1E-5E1171A3DF47}.Release|Any CPU.Build.0 = Release|Any CPU
		{66C352B5-B460-44C6-AA1E-5E1171A3DF47}.Release|x64.ActiveCfg = Release|x64
		{66C352B5-B460-44C6-AA1E-5E1171A3DF47}.Release|x64.Build.0 = Release|x64
		{66C352B5-B460-44C6-AA1E-5E1171A3DF47}.RemoteDebug|Any CPU.ActiveCfg = RemoteDebug|Any CPU
		{66C352B5-B460-44C6-AA1E-5E1171A3DF47}.RemoteDebug|Any CPU.Build.0 = RemoteDebug|Any CPU
		{66C352B5-B460-44C6-AA1E-5E1171A3DF47}.RemoteDebug|x64.ActiveCfg = RemoteDebug|x64
		{66C352B5-B460-44C6-AA1E-5E1171A3DF47}.RemoteDebug|x64.Build.0 = RemoteDebug|x64
	EndGlobalSection
	GlobalSection(SolutionProperties) = preSolution
		HideSolutionNode = FALSE
	EndGlobalSection
	GlobalSection(ExtensibilityGlobals) = postSolution
		SolutionGuid = {D4147AFC-9171-4383-9DB9-E8119DA0E9AD}
	EndGlobalSection
EndGlobal
